Microsoft Visual Studio Solution File, Format Version 12.00
# Visual Studio Version 17
Project("{9A19103F-16F7-4668-BE54-9A1E7A4F7556}") = "AppleQueue.Cli", "src\AppleQueue.Cli\AppleQueue.Cli.csproj", "{7B1F0A2C-1C1E-4E8E-9C3A-0F1D2E3A4B50}"
EndProject
Project("{9A19103F-16F7-4668-BE54-9A1E7A4F7556}") = "AppleQueue.Cli.Tests", "tests\AppleQueue.Cli.Tests\AppleQueue.Cli.Tests.csproj", "{7B1F0A2C-1C1E-4E8E-9C3A-0F1D2E3A4B51}"
EndProject
Global
	GlobalSection(SolutionConfigurationPlatforms) = preSolution
		Debug|Any CPU = Debug|Any CPU
		Release|Any CPU = Release|Any CPU
	EndGlobalSection
	GlobalSection(ProjectConfigurationPlatforms) = postSolution
		{7B1F0A2C-1C1E-4E8E-9C3A-0F1D2E3A4B50}.Debug|Any CPU.ActiveCfg = Debug|Any CPU
		{7B1F0A2C-1C1E-4E8E-9C3A-0F1D2E3A4B50}.Debug|Any CPU.Build.0 = Debug|Any CPU
		{7B1F0A2C-1C1E-4E8E-9C3A-0F1D2E3A4B50}.Release|Any CPU.ActiveCfg = Release|Any CPU
		{7B1F0A2C-1C1E-4E8E-9C3A-0F1D2E3A4B50}.Release|Any CPU.Build.0 = Release|Any CPU
		{7B1F0A2C-1C1E-4E8E-9C3A-0F1D2E3A4B51}.Debug|Any CPU.ActiveCfg = Debug|Any CPU
		{7B1F0A2C-1C1E-4E8E-9C3A-0F1D2E3A4B51}.Debug|Any CPU.Build.0 = Debug|Any CPU
		{7B1F0A2C-1C1E-4E8E-9C3A-0F1D2E3A4B51}.Release|Any CPU.ActiveCfg = Release|Any CPU
		{7B1F0A2C-1C1E-4E8E-9C3A-0F1D2E3A4B51}.Release|Any CPU.Build.0 = Release|Any CPU
	EndGlobalSection
	GlobalSection(SolutionProperties) = preSolution
		HideSolutionNode = FALSE
	EndGlobalSection
EndGlobal
